
Microsoft Visual Studio Solution File, Format Version 12.00
# Visual Studio 15
VisualStudioVersion = 15.0.27703.2026
MinimumVisualStudioVersion = 10.0.40219.1
Project("{FAE04EC0-301F-11D3-BF4B-00C04F79EFBC}") = "UnitTests", "UnitTests\UnitTests.csproj", "{722B5220-C67E-4587-9CB6-B6196F498CA1}"
EndProject
Project("{FAE04EC0-301F-11D3-BF4B-00C04F79EFBC}") = "BookshelfApi", "BookshelfApi\BookshelfApi.csproj", "{774E5809-2089-418F-8D7B-8D574F6173DC}"
EndProject
Project("{FAE04EC0-301F-11D3-BF4B-00C04F79EFBC}") = "BookShelfApiTests", "BookShelfApiTests\BookShelfApiTests.csproj", "{10728E3D-A6F7-4FA8-9D20-47593307AEE4}"
EndProject
Global
	GlobalSection(SolutionConfigurationPlatforms) = preSolution
		Debug|Any CPU = Debug|Any CPU
		Release|Any CPU = Release|Any CPU
	EndGlobalSection
	GlobalSection(ProjectConfigurationPlatforms) = postSolution
		{722B5220-C67E-4587-9CB6-B6196F498CA1}.Debug|Any CPU.ActiveCfg = Debug|Any CPU
		{722B5220-C67E-4587-9CB6-B6196F498CA1}.Debug|Any CPU.Build.0 = Debug|Any CPU
		{722B5220-C67E-4587-9CB6-B6196F498CA1}.Release|Any CPU.ActiveCfg = Release|Any CPU
		{722B5220-C67E-4587-9CB6-B6196F498CA1}.Release|Any CPU.Build.0 = Release|Any CPU
		{774E5809-2089-418F-8D7B-8D574F6173DC}.Debug|Any CPU.ActiveCfg = Debug|Any CPU
		{774E5809-2089-418F-8D7B-8D574F6173DC}.Debug|Any CPU.Build.0 = Debug|Any CPU
		{774E5809-2089-418F-8D7B-8D574F6173DC}.Release|Any CPU.ActiveCfg = Release|Any CPU
		{774E5809-2089-418F-8D7B-8D574F6173DC}.Release|Any CPU.Build.0 = Release|Any CPU
		{10728E3D-A6F7-4FA8-9D20-47593307AEE4}.Debug|Any CPU.ActiveCfg = Debug|Any CPU
		{10728E3D-A6F7-4FA8-9D20-47593307AEE4}.Debug|Any CPU.Build.0 = Debug|Any CPU
		{10728E3D-A6F7-4FA8-9D20-47593307AEE4}.Release|Any CPU.ActiveCfg = Release|Any CPU
		{10728E3D-A6F7-4FA8-9D20-47593307AEE4}.Release|Any CPU.Build.0 = Release|Any CPU
	EndGlobalSection
	GlobalSection(SolutionProperties) = preSolution
		HideSolutionNode = FALSE
	EndGlobalSection
	GlobalSection(ExtensibilityGlobals) = postSolution
		SolutionGuid = {5477BE74-C01B-4EF9-83FB-2D3D00BF6634}
	EndGlobalSection
EndGlobal
