
Microsoft Visual Studio Solution File, Format Version 12.00
# Visual Studio 15
VisualStudioVersion = 15.0.27703.2026
MinimumVisualStudioVersion = 10.0.40219.1
Project("{9A19103F-16F7-4668-BE54-9A1E7A4F7556}") = "BookShelfApi", "BookshelfApi\BookShelfApi.csproj", "{774E5809-2089-418F-8D7B-8D574F6173DC}"
EndProject
Project("{FAE04EC0-301F-11D3-BF4B-00C04F79EFBC}") = "Tasks", "Tasks\Tasks.csproj", "{722B5220-C67E-4587-9CB6-B6196F498CA1}"
EndProject
Project("{9A19103F-16F7-4668-BE54-9A1E7A4F7556}") = "BookShelfApiTests", "BookshelfApiTests\BookShelfApiTests.csproj", "{B19215B7-765D-45CA-8A63-5447D2F58381}"
EndProject
Global
	GlobalSection(SolutionConfigurationPlatforms) = preSolution
		Debug|Any CPU = Debug|Any CPU
		Release|Any CPU = Release|Any CPU
	EndGlobalSection
	GlobalSection(ProjectConfigurationPlatforms) = postSolution
		{774E5809-2089-418F-8D7B-8D574F6173DC}.Debug|Any CPU.ActiveCfg = Debug|Any CPU
		{774E5809-2089-418F-8D7B-8D574F6173DC}.Debug|Any CPU.Build.0 = Debug|Any CPU
		{774E5809-2089-418F-8D7B-8D574F6173DC}.Release|Any CPU.ActiveCfg = Release|Any CPU
		{774E5809-2089-418F-8D7B-8D574F6173DC}.Release|Any CPU.Build.0 = Release|Any CPU
		{722B5220-C67E-4587-9CB6-B6196F498CA1}.Debug|Any CPU.ActiveCfg = Debug|Any CPU
		{722B5220-C67E-4587-9CB6-B6196F498CA1}.Debug|Any CPU.Build.0 = Debug|Any CPU
		{722B5220-C67E-4587-9CB6-B6196F498CA1}.Release|Any CPU.ActiveCfg = Release|Any CPU
		{722B5220-C67E-4587-9CB6-B6196F498CA1}.Release|Any CPU.Build.0 = Release|Any CPU
		{B19215B7-765D-45CA-8A63-5447D2F58381}.Debug|Any CPU.ActiveCfg = Debug|Any CPU
		{B19215B7-765D-45CA-8A63-5447D2F58381}.Debug|Any CPU.Build.0 = Debug|Any CPU
		{B19215B7-765D-45CA-8A63-5447D2F58381}.Release|Any CPU.ActiveCfg = Release|Any CPU
		{B19215B7-765D-45CA-8A63-5447D2F58381}.Release|Any CPU.Build.0 = Release|Any CPU
	EndGlobalSection
	GlobalSection(SolutionProperties) = preSolution
		HideSolutionNode = FALSE
	EndGlobalSection
	GlobalSection(ExtensibilityGlobals) = postSolution
		SolutionGuid = {5477BE74-C01B-4EF9-83FB-2D3D00BF6634}
	EndGlobalSection
EndGlobal
